
Microsoft Visual Studio Solution File, Format Version 12.00
# Visual Studio Version 17
VisualStudioVersion = 17.8.34330.188
MinimumVisualStudioVersion = 10.0.40219.1
Project("{FAE04EC0-301F-11D3-BF4B-00C04F79EFBC}") = "Stage0", "Stage0\Stage0.csproj", "{005CC3C8-3E8E-4033-BED2-228FD690F1CF}"
EndProject
Global
	GlobalSection(SolutionConfigurationPlatforms) = preSolution
		Debug|Any CPU = Debug|Any CPU
		Release|Any CPU = Release|Any CPU
	EndGlobalSection
	GlobalSection(ProjectConfigurationPlatforms) = postSolution
		{005CC3C8-3E8E-4033-BED2-228FD690F1CF}.Debug|Any CPU.ActiveCfg = Debug|Any CPU
		{005CC3C8-3E8E-4033-BED2-228FD690F1CF}.Debug|Any CPU.Build.0 = Debug|Any CPU
		{005CC3C8-3E8E-4033-BED2-228FD690F1CF}.Release|Any CPU.ActiveCfg = Release|Any CPU
		{005CC3C8-3E8E-4033-BED2-228FD690F1CF}.Release|Any CPU.Build.0 = Release|Any CPU
	EndGlobalSection
	GlobalSection(SolutionProperties) = preSolution
		HideSolutionNode = FALSE
	EndGlobalSection
	GlobalSection(ExtensibilityGlobals) = postSolution
		SolutionGuid = {08363812-E1F1-43DD-9B6A-32E9ECA46D16}
	EndGlobalSection
EndGlobal
